
Microsoft Visual Studio Solution File, Format Version 12.00
# Visual Studio Version 17
VisualStudioVersion = 17.0.31903.59
MinimumVisualStudioVersion = 10.0.40219.1
Project("{8BC9CEB8-8B4A-11D0-8D11-00A0C91BC942}") = "common", "common\common.vcxproj", "{1A2B3C4D-5E6F-4A7B-8C9D-0E1F2A3B4C5D}"
EndProject
Project("{8BC9CEB8-8B4A-11D0-8D11-00A0C91BC942}") = "ParentServer", "parent_server\ParentServer.vcxproj", "{2B3C4D5E-6F7A-4B8C-9D0E-1F2A3B4C5D6E}"
EndProject
Project("{8BC9CEB8-8B4A-11D0-8D11-00A0C91BC942}") = "ChildServer", "child_server\ChildServer.vcxproj", "{3C4D5E6F-7A8B-4C9D-0E1F-2A3B4C5D6E7F}"
EndProject
Project("{8BC9CEB8-8B4A-11D0-8D11-00A0C91BC942}") = "Client", "client\Client.vcxproj", "{4D5E6F7A-8B9C-4D0E-1F2A-3B4C5D6E7F8A}"
EndProject
Global
	GlobalSection(SolutionConfigurationPlatforms) = preSolution
		Debug|x64 = Debug|x64
		Release|x64 = Release|x64
	EndGlobalSection
	GlobalSection(ProjectConfigurationPlatforms) = postSolution
		{1A2B3C4D-5E6F-4A7B-8C9D-0E1F2A3B4C5D}.Debug|x64.ActiveCfg = Debug|x64
		{1A2B3C4D-5E6F-4A7B-8C9D-0E1F2A3B4C5D}.Debug|x64.Build.0 = Debug|x64
		{1A2B3C4D-5E6F-4A7B-8C9D-0E1F2A3B4C5D}.Release|x64.ActiveCfg = Release|x64
		{1A2B3C4D-5E6F-4A7B-8C9D-0E1F2A3B4C5D}.Release|x64.Build.0 = Release|x64
		{2B3C4D5E-6F7A-4B8C-9D0E-1F2A3B4C5D6E}.Debug|x64.ActiveCfg = Debug|x64
		{2B3C4D5E-6F7A-4B8C-9D0E-1F2A3B4C5D6E}.Debug|x64.Build.0 = Debug|x64
		{2B3C4D5E-6F7A-4B8C-9D0E-1F2A3B4C5D6E}.Release|x64.ActiveCfg = Release|x64
		{2B3C4D5E-6F7A-4B8C-9D0E-1F2A3B4C5D6E}.Release|x64.Build.0 = Release|x64
		{3C4D5E6F-7A8B-4C9D-0E1F-2A3B4C5D6E7F}.Debug|x64.ActiveCfg = Debug|x64
		{3C4D5E6F-7A8B-4C9D-0E1F-2A3B4C5D6E7F}.Debug|x64.Build.0 = Debug|x64
		{3C4D5E6F-7A8B-4C9D-0E1F-2A3B4C5D6E7F}.Release|x64.ActiveCfg = Release|x64
		{3C4D5E6F-7A8B-4C9D-0E1F-2A3B4C5D6E7F}.Release|x64.Build.0 = Release|x64
		{4D5E6F7A-8B9C-4D0E-1F2A-3B4C5D6E7F8A}.Debug|x64.ActiveCfg = Debug|x64
		{4D5E6F7A-8B9C-4D0E-1F2A-3B4C5D6E7F8A}.Debug|x64.Build.0 = Debug|x64
		{4D5E6F7A-8B9C-4D0E-1F2A-3B4C5D6E7F8A}.Release|x64.ActiveCfg = Release|x64
		{4D5E6F7A-8B9C-4D0E-1F2A-3B4C5D6E7F8A}.Release|x64.Build.0 = Release|x64
	EndGlobalSection
	GlobalSection(SolutionProperties) = preSolution
		HideSolutionNode = FALSE
	EndGlobalSection
EndGlobal
